
Microsoft Visual Studio Solution File, Format Version 12.00
# Visual Studio 15
VisualStudioVersion = 15.0.27428.2037
MinimumVisualStudioVersion = 10.0.40219.1
Project("{8BC9CEB8-8B4A-11D0-8D11-00A0C91BC942}") = "SimpleMath", "SimpleMath.vcxproj", "{CFABEB23-7492-4BAD-9691-CF2818C4F24D}"
EndProject
Global
	GlobalSection(SolutionConfigurationPlatforms) = preSolution
		Debug|x64 = Debug|x64
		Debug|x86 = Debug|x86
		Release|x64 = Release|x64
		Release|x86 = Release|x86
	EndGlobalSection
	GlobalSection(ProjectConfigurationPlatforms) = postSolution
		{CFABEB23-7492-4BAD-9691-CF2818C4F24D}.Debug|x64.ActiveCfg = Debug|x64
		{CFABEB23-7492-4BAD-9691-CF2818C4F24D}.Debug|x64.Build.0 = Debug|x64
		{CFABEB23-7492-4BAD-9691-CF2818C4F24D}.Debug|x86.ActiveCfg = Debug|Win32
		{CFABEB23-7492-4BAD-9691-CF2818C4F24D}.Debug|x86.Build.0 = Debug|Win32
		{CFABEB23-7492-4BAD-9691-CF2818C4F24D}.Release|x64.ActiveCfg = Release|x64
		{CFABEB23-7492-4BAD-9691-CF2818C4F24D}.Release|x64.Build.0 = Release|x64
		{CFABEB23-7492-4BAD-9691-CF2818C4F24D}.Release|x86.ActiveCfg = Release|Win32
		{CFABEB23-7492-4BAD-9691-CF2818C4F24D}.Release|x86.Build.0 = Release|Win32
	EndGlobalSection
	GlobalSection(SolutionProperties) = preSolution
		HideSolutionNode = FALSE
	EndGlobalSection
	GlobalSection(ExtensibilityGlobals) = postSolution
		SolutionGuid = {8F205BA6-C465-44D0-9AEA-FDD501B964F9}
	EndGlobalSection
EndGlobal
